{
    "name": "ngx-mapbox",
    "version": "0.0.1",
    "lockfileVersion": 1,
    "requires": true,
    "dependencies": {
        "@types/geojson": {
            "version": "7946.0.3",
            "resolved": "https://registry.npmjs.org/@types/geojson/-/geojson-7946.0.3.tgz",
            "integrity": "sha512-BYHiG1vQJ7T93uswzuXZ0OBPWqj5tsAPtaMDQADV8sn2InllXarwg9llr6uaW22q1QCwBZ81gVajOpYWzjesug==",
            "dev": true
        },
        "@types/mapbox-gl": {
            "version": "0.44.4",
            "resolved": "https://registry.npmjs.org/@types/mapbox-gl/-/mapbox-gl-0.44.4.tgz",
            "integrity": "sha512-8KyQMKfToSgsbfgGpnk0TTxIveot72P/aExh+2s2EYFvW1SQEHEIqaj68HmQWQTdyWSfTNXx6ZSkqnBsiw5V7A==",
            "dev": true,
            "requires": {
                "@types/geojson": "7946.0.3"
            }
        }
    }
}
